Microsoft Visual Studio Solution File, Format Version 12.00
# Visual Studio 14
VisualStudioVersion = 14.0.25420.1
MinimumVisualStudioVersion = 10.0.40219.1
Project("{FAE04EC0-301F-11D3-BF4B-00C04F79EFBC}") = "ProjectCostReallocation.Customization", "ProjectCostReallocation.Customization\ProjectCostReallocation.Customization.csproj", "{9BC6D61A-5D4B-4D57-BC6B-5E3F9D04377E}"
EndProject
Project("{E24C65DC-7377-472B-9ABA-BC803B73C61A}") = "ProjectCostReallocation", "..\..\Acumatica\ProjectCostReallocation\", "{F6ADC4C8-D97E-4058-A0D1-CEC097A47835}"
	ProjectSection(WebsiteProperties) = preProject
		TargetFrameworkMoniker = ".NETFramework,Version%3Dv4.5.2"
		Debug.AspNetCompiler.VirtualPath = "/localhost_61083"
		Debug.AspNetCompiler.PhysicalPath = "..\..\Acumatica\ProjectCostReallocation\"
		Debug.AspNetCompiler.TargetPath = "PrecompiledWeb\localhost_61083\"
		Debug.AspNetCompiler.Updateable = "true"
		Debug.AspNetCompiler.ForceOverwrite = "true"
		Debug.AspNetCompiler.FixedNames = "false"
		Debug.AspNetCompiler.Debug = "True"
		Release.AspNetCompiler.VirtualPath = "/localhost_61083"
		Release.AspNetCompiler.PhysicalPath = "..\..\Acumatica\ProjectCostReallocation\"
		Release.AspNetCompiler.TargetPath = "PrecompiledWeb\localhost_61083\"
		Release.AspNetCompiler.Updateable = "true"
		Release.AspNetCompiler.ForceOverwrite = "true"
		Release.AspNetCompiler.FixedNames = "false"
		Release.AspNetCompiler.Debug = "False"
		VWDPort = "61083"
		SlnRelativePath = "..\..\Acumatica\ProjectCostReallocation\"
	EndProjectSection
	ProjectSection(ProjectDependencies) = postProject
		{9BC6D61A-5D4B-4D57-BC6B-5E3F9D04377E} = {9BC6D61A-5D4B-4D57-BC6B-5E3F9D04377E}
	EndProjectSection
EndProject
Global
	GlobalSection(SolutionConfigurationPlatforms) = preSolution
		Debug|Any CPU = Debug|Any CPU
	EndGlobalSection
	GlobalSection(ProjectConfigurationPlatforms) = postSolution
		{9BC6D61A-5D4B-4D57-BC6B-5E3F9D04377E}.Debug|Any CPU.ActiveCfg = Debug|Any CPU
		{9BC6D61A-5D4B-4D57-BC6B-5E3F9D04377E}.Debug|Any CPU.Build.0 = Debug|Any CPU
		{F6ADC4C8-D97E-4058-A0D1-CEC097A47835}.Debug|Any CPU.ActiveCfg = Debug|Any CPU
	EndGlobalSection
	GlobalSection(SolutionProperties) = preSolution
		HideSolutionNode = FALSE
	EndGlobalSection
EndGlobal
